
Microsoft Visual Studio Solution File, Format Version 12.00
# Visual Studio Version 16
VisualStudioVersion = 16.0.30002.166
MinimumVisualStudioVersion = 10.0.40219.1
Project("{9A19103F-16F7-4668-BE54-9A1E7A4F7556}") = "Antidote.Dashboard.API", "Antidote.Dashboard.API\Antidote.Dashboard.API.csproj", "{B2D72516-3DAC-47F3-A733-E551EF50EF7B}"
EndProject
Global
	GlobalSection(SolutionConfigurationPlatforms) = preSolution
		Debug|Any CPU = Debug|Any CPU
		Release|Any CPU = Release|Any CPU
	EndGlobalSection
	GlobalSection(ProjectConfigurationPlatforms) = postSolution
		{B2D72516-3DAC-47F3-A733-E551EF50EF7B}.Debug|Any CPU.ActiveCfg = Debug|Any CPU
		{B2D72516-3DAC-47F3-A733-E551EF50EF7B}.Debug|Any CPU.Build.0 = Debug|Any CPU
		{B2D72516-3DAC-47F3-A733-E551EF50EF7B}.Release|Any CPU.ActiveCfg = Release|Any CPU
		{B2D72516-3DAC-47F3-A733-E551EF50EF7B}.Release|Any CPU.Build.0 = Release|Any CPU
	EndGlobalSection
	GlobalSection(SolutionProperties) = preSolution
		HideSolutionNode = FALSE
	EndGlobalSection
	GlobalSection(ExtensibilityGlobals) = postSolution
		SolutionGuid = {DD677716-ED2E-463E-BF17-BB6AA2EECD42}
	EndGlobalSection
EndGlobal
